namespaced-key: "raw_plumbum_block"
block-settings:
  dig-speed: 17.0
  drop:
    experience: 0
    drops-default-item: true
  tool:
    type: PICKAXE
    force: false
item:
  material: PAPER
  name: "Блок рудного свинца"
  custom-model-data: 13029
craft:
  show-in-crafts-menu: true
  shaped-recipe:
    - "PPP"
    - "PPP"
    - "PPP"
  material-list:
    P: "msitem:raw_plumbum"
placing:
  normal:
    instrument: BIT
    note: 5
    is-powered: false
sounds:
  place:
    sound-name: "block.stone.place"
    sound-category: BLOCKS
    pitch: 1.0
    volume: 1.0
  break:
    sound-name: "block.stone.break"
    sound-category: BLOCKS
    pitch: 1.0
    volume: 1.0
  step:
    sound-name: "block.stone.step"
    sound-category: PLAYERS
    pitch: 0.9
    volume: 0.3
  hit:
    sound-name: "block.stone.hit"
    sound-category: BLOCKS
    pitch: 0.5
    volume: 0.5